
Microsoft Visual Studio Solution File, Format Version 12.00
# Visual Studio 15
VisualStudioVersion = 15.0.27004.2009
MinimumVisualStudioVersion = 10.0.40219.1
Project("{2150E333-8FDC-42A3-9474-1A3956D46DE8}") = "Documentation", "Documentation", "{A5763304-BC22-4E93-9670-287584DEA459}"
	ProjectSection(SolutionItems) = preProject
		Documentation\Code First, Cardinality and DataAnnotations.vsdx = Documentation\Code First, Cardinality and DataAnnotations.vsdx
		Documentation\ER_TellstickDB.vsdx = Documentation\ER_TellstickDB.vsdx
	EndProjectSection
EndProject
Project("{2150E333-8FDC-42A3-9474-1A3956D46DE8}") = "Solution Items", "Solution Items", "{B5AF6A7E-3FD4-44D9-B69B-6322664B327F}"
	ProjectSection(SolutionItems) = preProject
		README.md = README.md
	EndProjectSection
EndProject
Project("{2150E333-8FDC-42A3-9474-1A3956D46DE8}") = "Tellstick", "Tellstick", "{5E88F7F0-F7A3-49C1-8E1D-25579C654736}"
	ProjectSection(SolutionItems) = preProject
		SurveillanceCam2DB\BLL\ImageTransferJob.cs = SurveillanceCam2DB\BLL\ImageTransferJob.cs
	EndProjectSection
EndProject
Project("{FAE04EC0-301F-11D3-BF4B-00C04F79EFBC}") = "ConsoleForTestingPurpose", "Tellstick\ConsoleForTestingPurpose\ConsoleForTestingPurpose.csproj", "{3E4601DE-D8EA-48A5-AE2D-E471E4BDCA3C}"
EndProject
Project("{FAE04EC0-301F-11D3-BF4B-00C04F79EFBC}") = "Model", "Tellstick\Model\Model.csproj", "{80E3F2E7-77C9-4E92-8794-21CEE5A51263}"
EndProject
Project("{FAE04EC0-301F-11D3-BF4B-00C04F79EFBC}") = "BLL", "Tellstick\BLL\BLL.csproj", "{2C3F2178-D1AF-4D0E-A2E7-B64E69440FB7}"
EndProject
Project("{2150E333-8FDC-42A3-9474-1A3956D46DE8}") = "WCF", "WCF", "{EBB55FB4-B7BD-4CC9-90AD-7E8F1C9A2AE8}"
EndProject
Project("{FAE04EC0-301F-11D3-BF4B-00C04F79EFBC}") = "BLL", "WCF\BLL\BLL.csproj", "{4AA68220-6993-4931-8702-E7B51FCC888E}"
EndProject
Project("{FAE04EC0-301F-11D3-BF4B-00C04F79EFBC}") = "ConsoleForTestingPurpose", "WCF\ConsoleForTestingPurpose\ConsoleForTestingPurpose.csproj", "{CEA67569-1214-4543-B26B-E5507795685C}"
EndProject
Project("{FAE04EC0-301F-11D3-BF4B-00C04F79EFBC}") = "Model", "WCF\Model\Model.csproj", "{F786866E-69C3-45DB-A1E4-0F10BF1DEBDC}"
EndProject
Project("{FAE04EC0-301F-11D3-BF4B-00C04F79EFBC}") = "ServiceLibrary", "WCF\ServiceLibrary\ServiceLibrary.csproj", "{5848B052-DCBE-422A-A1F5-8D8F10D2A50C}"
EndProject
Project("{FAE04EC0-301F-11D3-BF4B-00C04F79EFBC}") = "HemsamaritenWindowsService", "HemsamaritenWindowsService\HemsamaritenWindowsService.csproj", "{DAC9E94E-E2C8-417B-A899-9CF177860B1C}"
EndProject
Global
	GlobalSection(SolutionConfigurationPlatforms) = preSolution
		Debug|Any CPU = Debug|Any CPU
		Debug|x64 = Debug|x64
		Debug|x86 = Debug|x86
		Deploy Hemsamariten|Any CPU = Deploy Hemsamariten|Any CPU
		Deploy Hemsamariten|x64 = Deploy Hemsamariten|x64
		Deploy Hemsamariten|x86 = Deploy Hemsamariten|x86
		Release|Any CPU = Release|Any CPU
		Release|x64 = Release|x64
		Release|x86 = Release|x86
	EndGlobalSection
	GlobalSection(ProjectConfigurationPlatforms) = postSolution
		{3E4601DE-D8EA-48A5-AE2D-E471E4BDCA3C}.Debug|Any CPU.ActiveCfg = Debug|Any CPU
		{3E4601DE-D8EA-48A5-AE2D-E471E4BDCA3C}.Debug|Any CPU.Build.0 = Debug|Any CPU
		{3E4601DE-D8EA-48A5-AE2D-E471E4BDCA3C}.Debug|x64.ActiveCfg = Debug|x64
		{3E4601DE-D8EA-48A5-AE2D-E471E4BDCA3C}.Debug|x64.Build.0 = Debug|x64
		{3E4601DE-D8EA-48A5-AE2D-E471E4BDCA3C}.Debug|x86.ActiveCfg = Debug|x86
		{3E4601DE-D8EA-48A5-AE2D-E471E4BDCA3C}.Debug|x86.Build.0 = Debug|x86
		{3E4601DE-D8EA-48A5-AE2D-E471E4BDCA3C}.Deploy Hemsamariten|Any CPU.ActiveCfg = Deploy|Any CPU
		{3E4601DE-D8EA-48A5-AE2D-E471E4BDCA3C}.Deploy Hemsamariten|Any CPU.Build.0 = Deploy|Any CPU
		{3E4601DE-D8EA-48A5-AE2D-E471E4BDCA3C}.Deploy Hemsamariten|x64.ActiveCfg = Deploy|x64
		{3E4601DE-D8EA-48A5-AE2D-E471E4BDCA3C}.Deploy Hemsamariten|x64.Build.0 = Deploy|x64
		{3E4601DE-D8EA-48A5-AE2D-E471E4BDCA3C}.Deploy Hemsamariten|x86.ActiveCfg = Deploy|x86
		{3E4601DE-D8EA-48A5-AE2D-E471E4BDCA3C}.Deploy Hemsamariten|x86.Build.0 = Deploy|x86
		{3E4601DE-D8EA-48A5-AE2D-E471E4BDCA3C}.Release|Any CPU.ActiveCfg = Release|Any CPU
		{3E4601DE-D8EA-48A5-AE2D-E471E4BDCA3C}.Release|Any CPU.Build.0 = Release|Any CPU
		{3E4601DE-D8EA-48A5-AE2D-E471E4BDCA3C}.Release|x64.ActiveCfg = Release|x64
		{3E4601DE-D8EA-48A5-AE2D-E471E4BDCA3C}.Release|x64.Build.0 = Release|x64
		{3E4601DE-D8EA-48A5-AE2D-E471E4BDCA3C}.Release|x86.ActiveCfg = Release|x86
		{3E4601DE-D8EA-48A5-AE2D-E471E4BDCA3C}.Release|x86.Build.0 = Release|x86
		{80E3F2E7-77C9-4E92-8794-21CEE5A51263}.Debug|Any CPU.ActiveCfg = Debug|Any CPU
		{80E3F2E7-77C9-4E92-8794-21CEE5A51263}.Debug|Any CPU.Build.0 = Debug|Any CPU
		{80E3F2E7-77C9-4E92-8794-21CEE5A51263}.Debug|x64.ActiveCfg = Debug|x64
		{80E3F2E7-77C9-4E92-8794-21CEE5A51263}.Debug|x64.Build.0 = Debug|x64
		{80E3F2E7-77C9-4E92-8794-21CEE5A51263}.Debug|x86.ActiveCfg = Debug|x86
		{80E3F2E7-77C9-4E92-8794-21CEE5A51263}.Debug|x86.Build.0 = Debug|x86
		{80E3F2E7-77C9-4E92-8794-21CEE5A51263}.Deploy Hemsamariten|Any CPU.ActiveCfg = Deploy|Any CPU
		{80E3F2E7-77C9-4E92-8794-21CEE5A51263}.Deploy Hemsamariten|Any CPU.Build.0 = Deploy|Any CPU
		{80E3F2E7-77C9-4E92-8794-21CEE5A51263}.Deploy Hemsamariten|x64.ActiveCfg = Deploy|x64
		{80E3F2E7-77C9-4E92-8794-21CEE5A51263}.Deploy Hemsamariten|x64.Build.0 = Deploy|x64
		{80E3F2E7-77C9-4E92-8794-21CEE5A51263}.Deploy Hemsamariten|x86.ActiveCfg = Deploy|x86
		{80E3F2E7-77C9-4E92-8794-21CEE5A51263}.Deploy Hemsamariten|x86.Build.0 = Deploy|x86
		{80E3F2E7-77C9-4E92-8794-21CEE5A51263}.Release|Any CPU.ActiveCfg = Release|Any CPU
		{80E3F2E7-77C9-4E92-8794-21CEE5A51263}.Release|Any CPU.Build.0 = Release|Any CPU
		{80E3F2E7-77C9-4E92-8794-21CEE5A51263}.Release|x64.ActiveCfg = Release|x64
		{80E3F2E7-77C9-4E92-8794-21CEE5A51263}.Release|x64.Build.0 = Release|x64
		{80E3F2E7-77C9-4E92-8794-21CEE5A51263}.Release|x86.ActiveCfg = Release|x86
		{80E3F2E7-77C9-4E92-8794-21CEE5A51263}.Release|x86.Build.0 = Release|x86
		{2C3F2178-D1AF-4D0E-A2E7-B64E69440FB7}.Debug|Any CPU.ActiveCfg = Debug|Any CPU
		{2C3F2178-D1AF-4D0E-A2E7-B64E69440FB7}.Debug|Any CPU.Build.0 = Debug|Any CPU
		{2C3F2178-D1AF-4D0E-A2E7-B64E69440FB7}.Debug|x64.ActiveCfg = Debug|x64
		{2C3F2178-D1AF-4D0E-A2E7-B64E69440FB7}.Debug|x64.Build.0 = Debug|x64
		{2C3F2178-D1AF-4D0E-A2E7-B64E69440FB7}.Debug|x86.ActiveCfg = Debug|x86
		{2C3F2178-D1AF-4D0E-A2E7-B64E69440FB7}.Debug|x86.Build.0 = Debug|x86
		{2C3F2178-D1AF-4D0E-A2E7-B64E69440FB7}.Deploy Hemsamariten|Any CPU.ActiveCfg = Deploy|Any CPU
		{2C3F2178-D1AF-4D0E-A2E7-B64E69440FB7}.Deploy Hemsamariten|Any CPU.Build.0 = Deploy|Any CPU
		{2C3F2178-D1AF-4D0E-A2E7-B64E69440FB7}.Deploy Hemsamariten|x64.ActiveCfg = Deploy|x64
		{2C3F2178-D1AF-4D0E-A2E7-B64E69440FB7}.Deploy Hemsamariten|x64.Build.0 = Deploy|x64
		{2C3F2178-D1AF-4D0E-A2E7-B64E69440FB7}.Deploy Hemsamariten|x86.ActiveCfg = Deploy|x86
		{2C3F2178-D1AF-4D0E-A2E7-B64E69440FB7}.Deploy Hemsamariten|x86.Build.0 = Deploy|x86
		{2C3F2178-D1AF-4D0E-A2E7-B64E69440FB7}.Release|Any CPU.ActiveCfg = Release|Any CPU
		{2C3F2178-D1AF-4D0E-A2E7-B64E69440FB7}.Release|Any CPU.Build.0 = Release|Any CPU
		{2C3F2178-D1AF-4D0E-A2E7-B64E69440FB7}.Release|x64.ActiveCfg = Release|x64
		{2C3F2178-D1AF-4D0E-A2E7-B64E69440FB7}.Release|x64.Build.0 = Release|x64
		{2C3F2178-D1AF-4D0E-A2E7-B64E69440FB7}.Release|x86.ActiveCfg = Release|x86
		{2C3F2178-D1AF-4D0E-A2E7-B64E69440FB7}.Release|x86.Build.0 = Release|x86
		{4AA68220-6993-4931-8702-E7B51FCC888E}.Debug|Any CPU.ActiveCfg = Debug|Any CPU
		{4AA68220-6993-4931-8702-E7B51FCC888E}.Debug|Any CPU.Build.0 = Debug|Any CPU
		{4AA68220-6993-4931-8702-E7B51FCC888E}.Debug|x64.ActiveCfg = Debug|Any CPU
		{4AA68220-6993-4931-8702-E7B51FCC888E}.Debug|x64.Build.0 = Debug|Any CPU
		{4AA68220-6993-4931-8702-E7B51FCC888E}.Debug|x86.ActiveCfg = Debug|Any CPU
		{4AA68220-6993-4931-8702-E7B51FCC888E}.Debug|x86.Build.0 = Debug|Any CPU
		{4AA68220-6993-4931-8702-E7B51FCC888E}.Deploy Hemsamariten|Any CPU.ActiveCfg = Deploy|Any CPU
		{4AA68220-6993-4931-8702-E7B51FCC888E}.Deploy Hemsamariten|Any CPU.Build.0 = Deploy|Any CPU
		{4AA68220-6993-4931-8702-E7B51FCC888E}.Deploy Hemsamariten|x64.ActiveCfg = Deploy|Any CPU
		{4AA68220-6993-4931-8702-E7B51FCC888E}.Deploy Hemsamariten|x64.Build.0 = Deploy|Any CPU
		{4AA68220-6993-4931-8702-E7B51FCC888E}.Deploy Hemsamariten|x86.ActiveCfg = Deploy|Any CPU
		{4AA68220-6993-4931-8702-E7B51FCC888E}.Deploy Hemsamariten|x86.Build.0 = Deploy|Any CPU
		{4AA68220-6993-4931-8702-E7B51FCC888E}.Release|Any CPU.ActiveCfg = Release|Any CPU
		{4AA68220-6993-4931-8702-E7B51FCC888E}.Release|Any CPU.Build.0 = Release|Any CPU
		{4AA68220-6993-4931-8702-E7B51FCC888E}.Release|x64.ActiveCfg = Release|Any CPU
		{4AA68220-6993-4931-8702-E7B51FCC888E}.Release|x64.Build.0 = Release|Any CPU
		{4AA68220-6993-4931-8702-E7B51FCC888E}.Release|x86.ActiveCfg = Release|Any CPU
		{4AA68220-6993-4931-8702-E7B51FCC888E}.Release|x86.Build.0 = Release|Any CPU
		{CEA67569-1214-4543-B26B-E5507795685C}.Debug|Any CPU.ActiveCfg = Debug|Any CPU
		{CEA67569-1214-4543-B26B-E5507795685C}.Debug|Any CPU.Build.0 = Debug|Any CPU
		{CEA67569-1214-4543-B26B-E5507795685C}.Debug|x64.ActiveCfg = Debug|x64
		{CEA67569-1214-4543-B26B-E5507795685C}.Debug|x64.Build.0 = Debug|x64
		{CEA67569-1214-4543-B26B-E5507795685C}.Debug|x86.ActiveCfg = Debug|x86
		{CEA67569-1214-4543-B26B-E5507795685C}.Debug|x86.Build.0 = Debug|x86
		{CEA67569-1214-4543-B26B-E5507795685C}.Deploy Hemsamariten|Any CPU.ActiveCfg = Deploy|Any CPU
		{CEA67569-1214-4543-B26B-E5507795685C}.Deploy Hemsamariten|Any CPU.Build.0 = Deploy|Any CPU
		{CEA67569-1214-4543-B26B-E5507795685C}.Deploy Hemsamariten|x64.ActiveCfg = Deploy|x64
		{CEA67569-1214-4543-B26B-E5507795685C}.Deploy Hemsamariten|x64.Build.0 = Deploy|x64
		{CEA67569-1214-4543-B26B-E5507795685C}.Deploy Hemsamariten|x86.ActiveCfg = Deploy|x86
		{CEA67569-1214-4543-B26B-E5507795685C}.Deploy Hemsamariten|x86.Build.0 = Deploy|x86
		{CEA67569-1214-4543-B26B-E5507795685C}.Release|Any CPU.ActiveCfg = Release|Any CPU
		{CEA67569-1214-4543-B26B-E5507795685C}.Release|Any CPU.Build.0 = Release|Any CPU
		{CEA67569-1214-4543-B26B-E5507795685C}.Release|x64.ActiveCfg = Release|x64
		{CEA67569-1214-4543-B26B-E5507795685C}.Release|x64.Build.0 = Release|x64
		{CEA67569-1214-4543-B26B-E5507795685C}.Release|x86.ActiveCfg = Release|x86
		{CEA67569-1214-4543-B26B-E5507795685C}.Release|x86.Build.0 = Release|x86
		{F786866E-69C3-45DB-A1E4-0F10BF1DEBDC}.Debug|Any CPU.ActiveCfg = Debug|Any CPU
		{F786866E-69C3-45DB-A1E4-0F10BF1DEBDC}.Debug|Any CPU.Build.0 = Debug|Any CPU
		{F786866E-69C3-45DB-A1E4-0F10BF1DEBDC}.Debug|x64.ActiveCfg = Debug|x64
		{F786866E-69C3-45DB-A1E4-0F10BF1DEBDC}.Debug|x64.Build.0 = Debug|x64
		{F786866E-69C3-45DB-A1E4-0F10BF1DEBDC}.Debug|x86.ActiveCfg = Debug|x86
		{F786866E-69C3-45DB-A1E4-0F10BF1DEBDC}.Debug|x86.Build.0 = Debug|x86
		{F786866E-69C3-45DB-A1E4-0F10BF1DEBDC}.Deploy Hemsamariten|Any CPU.ActiveCfg = Deploy|Any CPU
		{F786866E-69C3-45DB-A1E4-0F10BF1DEBDC}.Deploy Hemsamariten|Any CPU.Build.0 = Deploy|Any CPU
		{F786866E-69C3-45DB-A1E4-0F10BF1DEBDC}.Deploy Hemsamariten|x64.ActiveCfg = Deploy|x64
		{F786866E-69C3-45DB-A1E4-0F10BF1DEBDC}.Deploy Hemsamariten|x64.Build.0 = Deploy|x64
		{F786866E-69C3-45DB-A1E4-0F10BF1DEBDC}.Deploy Hemsamariten|x86.ActiveCfg = Deploy|x86
		{F786866E-69C3-45DB-A1E4-0F10BF1DEBDC}.Deploy Hemsamariten|x86.Build.0 = Deploy|x86
		{F786866E-69C3-45DB-A1E4-0F10BF1DEBDC}.Release|Any CPU.ActiveCfg = Release|Any CPU
		{F786866E-69C3-45DB-A1E4-0F10BF1DEBDC}.Release|Any CPU.Build.0 = Release|Any CPU
		{F786866E-69C3-45DB-A1E4-0F10BF1DEBDC}.Release|x64.ActiveCfg = Release|x64
		{F786866E-69C3-45DB-A1E4-0F10BF1DEBDC}.Release|x64.Build.0 = Release|x64
		{F786866E-69C3-45DB-A1E4-0F10BF1DEBDC}.Release|x86.ActiveCfg = Release|x86
		{F786866E-69C3-45DB-A1E4-0F10BF1DEBDC}.Release|x86.Build.0 = Release|x86
		{5848B052-DCBE-422A-A1F5-8D8F10D2A50C}.Debug|Any CPU.ActiveCfg = Debug|Any CPU
		{5848B052-DCBE-422A-A1F5-8D8F10D2A50C}.Debug|Any CPU.Build.0 = Debug|Any CPU
		{5848B052-DCBE-422A-A1F5-8D8F10D2A50C}.Debug|x64.ActiveCfg = Debug|x64
		{5848B052-DCBE-422A-A1F5-8D8F10D2A50C}.Debug|x64.Build.0 = Debug|x64
		{5848B052-DCBE-422A-A1F5-8D8F10D2A50C}.Debug|x86.ActiveCfg = Debug|x86
		{5848B052-DCBE-422A-A1F5-8D8F10D2A50C}.Debug|x86.Build.0 = Debug|x86
		{5848B052-DCBE-422A-A1F5-8D8F10D2A50C}.Deploy Hemsamariten|Any CPU.ActiveCfg = Deploy|Any CPU
		{5848B052-DCBE-422A-A1F5-8D8F10D2A50C}.Deploy Hemsamariten|Any CPU.Build.0 = Deploy|Any CPU
		{5848B052-DCBE-422A-A1F5-8D8F10D2A50C}.Deploy Hemsamariten|x64.ActiveCfg = Deploy|x64
		{5848B052-DCBE-422A-A1F5-8D8F10D2A50C}.Deploy Hemsamariten|x64.Build.0 = Deploy|x64
		{5848B052-DCBE-422A-A1F5-8D8F10D2A50C}.Deploy Hemsamariten|x86.ActiveCfg = Deploy|x86
		{5848B052-DCBE-422A-A1F5-8D8F10D2A50C}.Deploy Hemsamariten|x86.Build.0 = Deploy|x86
		{5848B052-DCBE-422A-A1F5-8D8F10D2A50C}.Release|Any CPU.ActiveCfg = Release|Any CPU
		{5848B052-DCBE-422A-A1F5-8D8F10D2A50C}.Release|Any CPU.Build.0 = Release|Any CPU
		{5848B052-DCBE-422A-A1F5-8D8F10D2A50C}.Release|x64.ActiveCfg = Release|x64
		{5848B052-DCBE-422A-A1F5-8D8F10D2A50C}.Release|x64.Build.0 = Release|x64
		{5848B052-DCBE-422A-A1F5-8D8F10D2A50C}.Release|x86.ActiveCfg = Release|x86
		{5848B052-DCBE-422A-A1F5-8D8F10D2A50C}.Release|x86.Build.0 = Release|x86
		{DAC9E94E-E2C8-417B-A899-9CF177860B1C}.Debug|Any CPU.ActiveCfg = Debug|Any CPU
		{DAC9E94E-E2C8-417B-A899-9CF177860B1C}.Debug|Any CPU.Build.0 = Debug|Any CPU
		{DAC9E94E-E2C8-417B-A899-9CF177860B1C}.Debug|x64.ActiveCfg = Debug|Any CPU
		{DAC9E94E-E2C8-417B-A899-9CF177860B1C}.Debug|x64.Build.0 = Debug|Any CPU
		{DAC9E94E-E2C8-417B-A899-9CF177860B1C}.Debug|x86.ActiveCfg = Debug|Any CPU
		{DAC9E94E-E2C8-417B-A899-9CF177860B1C}.Debug|x86.Build.0 = Debug|Any CPU
		{DAC9E94E-E2C8-417B-A899-9CF177860B1C}.Deploy Hemsamariten|Any CPU.ActiveCfg = Deploy|Any CPU
		{DAC9E94E-E2C8-417B-A899-9CF177860B1C}.Deploy Hemsamariten|Any CPU.Build.0 = Deploy|Any CPU
		{DAC9E94E-E2C8-417B-A899-9CF177860B1C}.Deploy Hemsamariten|x64.ActiveCfg = Deploy|Any CPU
		{DAC9E94E-E2C8-417B-A899-9CF177860B1C}.Deploy Hemsamariten|x64.Build.0 = Deploy|Any CPU
		{DAC9E94E-E2C8-417B-A899-9CF177860B1C}.Deploy Hemsamariten|x86.ActiveCfg = Deploy|Any CPU
		{DAC9E94E-E2C8-417B-A899-9CF177860B1C}.Deploy Hemsamariten|x86.Build.0 = Deploy|Any CPU
		{DAC9E94E-E2C8-417B-A899-9CF177860B1C}.Release|Any CPU.ActiveCfg = Release|Any CPU
		{DAC9E94E-E2C8-417B-A899-9CF177860B1C}.Release|Any CPU.Build.0 = Release|Any CPU
		{DAC9E94E-E2C8-417B-A899-9CF177860B1C}.Release|x64.ActiveCfg = Release|Any CPU
		{DAC9E94E-E2C8-417B-A899-9CF177860B1C}.Release|x64.Build.0 = Release|Any CPU
		{DAC9E94E-E2C8-417B-A899-9CF177860B1C}.Release|x86.ActiveCfg = Release|Any CPU
		{DAC9E94E-E2C8-417B-A899-9CF177860B1C}.Release|x86.Build.0 = Release|Any CPU
	EndGlobalSection
	GlobalSection(SolutionProperties) = preSolution
		HideSolutionNode = FALSE
	EndGlobalSection
	GlobalSection(NestedProjects) = preSolution
		{3E4601DE-D8EA-48A5-AE2D-E471E4BDCA3C} = {5E88F7F0-F7A3-49C1-8E1D-25579C654736}
		{80E3F2E7-77C9-4E92-8794-21CEE5A51263} = {5E88F7F0-F7A3-49C1-8E1D-25579C654736}
		{2C3F2178-D1AF-4D0E-A2E7-B64E69440FB7} = {5E88F7F0-F7A3-49C1-8E1D-25579C654736}
		{4AA68220-6993-4931-8702-E7B51FCC888E} = {EBB55FB4-B7BD-4CC9-90AD-7E8F1C9A2AE8}
		{CEA67569-1214-4543-B26B-E5507795685C} = {EBB55FB4-B7BD-4CC9-90AD-7E8F1C9A2AE8}
		{F786866E-69C3-45DB-A1E4-0F10BF1DEBDC} = {EBB55FB4-B7BD-4CC9-90AD-7E8F1C9A2AE8}
		{5848B052-DCBE-422A-A1F5-8D8F10D2A50C} = {EBB55FB4-B7BD-4CC9-90AD-7E8F1C9A2AE8}
	EndGlobalSection
	GlobalSection(ExtensibilityGlobals) = postSolution
		SolutionGuid = {35BE4980-9923-4AFC-8803-31FCACC6CCC2}
	EndGlobalSection
EndGlobal
