
Microsoft Visual Studio Solution File, Format Version 12.00
# Visual Studio 15
VisualStudioVersion = 15.0.27004.2009
MinimumVisualStudioVersion = 10.0.40219.1
Project("{2150E333-8FDC-42A3-9474-1A3956D46DE8}") = "Documentation", "Documentation", "{A5763304-BC22-4E93-9670-287584DEA459}"
	ProjectSection(SolutionItems) = preProject
		Documentation\Code First, Cardinality and DataAnnotations.vsdx = Documentation\Code First, Cardinality and DataAnnotations.vsdx
		Documentation\ER_TellstickDB.vsdx = Documentation\ER_TellstickDB.vsdx
	EndProjectSection
EndProject
Project("{2150E333-8FDC-42A3-9474-1A3956D46DE8}") = "Solution Items", "Solution Items", "{B5AF6A7E-3FD4-44D9-B69B-6322664B327F}"
	ProjectSection(SolutionItems) = preProject
		README.md = README.md
	EndProjectSection
EndProject
Project("{2150E333-8FDC-42A3-9474-1A3956D46DE8}") = "Core", "Core", "{5E88F7F0-F7A3-49C1-8E1D-25579C654736}"
EndProject
Project("{2150E333-8FDC-42A3-9474-1A3956D46DE8}") = "WCF", "WCF", "{EBB55FB4-B7BD-4CC9-90AD-7E8F1C9A2AE8}"
EndProject
Project("{FAE04EC0-301F-11D3-BF4B-00C04F79EFBC}") = "BLL", "WCF\BLL\BLL.csproj", "{4AA68220-6993-4931-8702-E7B51FCC888E}"
EndProject
Project("{FAE04EC0-301F-11D3-BF4B-00C04F79EFBC}") = "ConsoleForTestingPurpose", "WCF\ConsoleForTestingPurpose\ConsoleForTestingPurpose.csproj", "{CEA67569-1214-4543-B26B-E5507795685C}"
EndProject
Project("{FAE04EC0-301F-11D3-BF4B-00C04F79EFBC}") = "Model", "WCF\Model\Model.csproj", "{F786866E-69C3-45DB-A1E4-0F10BF1DEBDC}"
EndProject
Project("{FAE04EC0-301F-11D3-BF4B-00C04F79EFBC}") = "ServiceLibrary", "WCF\ServiceLibrary\ServiceLibrary.csproj", "{5848B052-DCBE-422A-A1F5-8D8F10D2A50C}"
EndProject
Project("{FAE04EC0-301F-11D3-BF4B-00C04F79EFBC}") = "HemsamaritenWindowsService", "HemsamaritenWindowsService\HemsamaritenWindowsService.csproj", "{DAC9E94E-E2C8-417B-A899-9CF177860B1C}"
EndProject
Project("{FAE04EC0-301F-11D3-BF4B-00C04F79EFBC}") = "BLL", "Core\BLL\BLL.csproj", "{2C3F2178-D1AF-4D0E-A2E7-B64E69440FB7}"
EndProject
Project("{FAE04EC0-301F-11D3-BF4B-00C04F79EFBC}") = "Model", "Core\Model\Model.csproj", "{80E3F2E7-77C9-4E92-8794-21CEE5A51263}"
EndProject
Project("{FAE04EC0-301F-11D3-BF4B-00C04F79EFBC}") = "ConsoleForTestingPurpose", "Core\ConsoleForTestingPurpose\ConsoleForTestingPurpose.csproj", "{3E4601DE-D8EA-48A5-AE2D-E471E4BDCA3C}"
EndProject
Project("{FAE04EC0-301F-11D3-BF4B-00C04F79EFBC}") = "Audio", "Core\Audio\Audio.csproj", "{CF036B7B-DB65-49CE-9CE6-B8139378A21C}"
EndProject
Global
	GlobalSection(SolutionConfigurationPlatforms) = preSolution
		Debug|Any CPU = Debug|Any CPU
		Debug|x64 = Debug|x64
		Debug|x86 = Debug|x86
		Deploy to Hemsamariten|Any CPU = Deploy to Hemsamariten|Any CPU
		Deploy to Hemsamariten|x64 = Deploy to Hemsamariten|x64
		Deploy to Hemsamariten|x86 = Deploy to Hemsamariten|x86
		Deploy|Any CPU = Deploy|Any CPU
		Deploy|x64 = Deploy|x64
		Deploy|x86 = Deploy|x86
		Locally Hemsamariten|Any CPU = Locally Hemsamariten|Any CPU
		Locally Hemsamariten|x64 = Locally Hemsamariten|x64
		Locally Hemsamariten|x86 = Locally Hemsamariten|x86
		Release|Any CPU = Release|Any CPU
		Release|x64 = Release|x64
		Release|x86 = Release|x86
		Run locally on Hemsamariten|Any CPU = Run locally on Hemsamariten|Any CPU
		Run locally on Hemsamariten|x64 = Run locally on Hemsamariten|x64
		Run locally on Hemsamariten|x86 = Run locally on Hemsamariten|x86
	EndGlobalSection
	GlobalSection(ProjectConfigurationPlatforms) = postSolution
		{4AA68220-6993-4931-8702-E7B51FCC888E}.Debug|Any CPU.ActiveCfg = Debug|Any CPU
		{4AA68220-6993-4931-8702-E7B51FCC888E}.Debug|Any CPU.Build.0 = Debug|Any CPU
		{4AA68220-6993-4931-8702-E7B51FCC888E}.Debug|x64.ActiveCfg = Debug|Any CPU
		{4AA68220-6993-4931-8702-E7B51FCC888E}.Debug|x64.Build.0 = Debug|Any CPU
		{4AA68220-6993-4931-8702-E7B51FCC888E}.Debug|x86.ActiveCfg = Debug|Any CPU
		{4AA68220-6993-4931-8702-E7B51FCC888E}.Debug|x86.Build.0 = Debug|Any CPU
		{4AA68220-6993-4931-8702-E7B51FCC888E}.Deploy to Hemsamariten|Any CPU.ActiveCfg = Deploy|Any CPU
		{4AA68220-6993-4931-8702-E7B51FCC888E}.Deploy to Hemsamariten|Any CPU.Build.0 = Deploy|Any CPU
		{4AA68220-6993-4931-8702-E7B51FCC888E}.Deploy to Hemsamariten|x64.ActiveCfg = Deploy|Any CPU
		{4AA68220-6993-4931-8702-E7B51FCC888E}.Deploy to Hemsamariten|x64.Build.0 = Deploy|Any CPU
		{4AA68220-6993-4931-8702-E7B51FCC888E}.Deploy to Hemsamariten|x86.ActiveCfg = Deploy|Any CPU
		{4AA68220-6993-4931-8702-E7B51FCC888E}.Deploy to Hemsamariten|x86.Build.0 = Deploy|Any CPU
		{4AA68220-6993-4931-8702-E7B51FCC888E}.Deploy|Any CPU.ActiveCfg = Deploy|Any CPU
		{4AA68220-6993-4931-8702-E7B51FCC888E}.Deploy|Any CPU.Build.0 = Deploy|Any CPU
		{4AA68220-6993-4931-8702-E7B51FCC888E}.Deploy|x64.ActiveCfg = Deploy|Any CPU
		{4AA68220-6993-4931-8702-E7B51FCC888E}.Deploy|x64.Build.0 = Deploy|Any CPU
		{4AA68220-6993-4931-8702-E7B51FCC888E}.Deploy|x86.ActiveCfg = Deploy|Any CPU
		{4AA68220-6993-4931-8702-E7B51FCC888E}.Deploy|x86.Build.0 = Deploy|Any CPU
		{4AA68220-6993-4931-8702-E7B51FCC888E}.Locally Hemsamariten|Any CPU.ActiveCfg = Locally Hemsamariten|Any CPU
		{4AA68220-6993-4931-8702-E7B51FCC888E}.Locally Hemsamariten|Any CPU.Build.0 = Locally Hemsamariten|Any CPU
		{4AA68220-6993-4931-8702-E7B51FCC888E}.Locally Hemsamariten|x64.ActiveCfg = Locally Hemsamariten|Any CPU
		{4AA68220-6993-4931-8702-E7B51FCC888E}.Locally Hemsamariten|x64.Build.0 = Locally Hemsamariten|Any CPU
		{4AA68220-6993-4931-8702-E7B51FCC888E}.Locally Hemsamariten|x86.ActiveCfg = Locally Hemsamariten|Any CPU
		{4AA68220-6993-4931-8702-E7B51FCC888E}.Locally Hemsamariten|x86.Build.0 = Locally Hemsamariten|Any CPU
		{4AA68220-6993-4931-8702-E7B51FCC888E}.Release|Any CPU.ActiveCfg = Release|Any CPU
		{4AA68220-6993-4931-8702-E7B51FCC888E}.Release|Any CPU.Build.0 = Release|Any CPU
		{4AA68220-6993-4931-8702-E7B51FCC888E}.Release|x64.ActiveCfg = Release|Any CPU
		{4AA68220-6993-4931-8702-E7B51FCC888E}.Release|x64.Build.0 = Release|Any CPU
		{4AA68220-6993-4931-8702-E7B51FCC888E}.Release|x86.ActiveCfg = Release|Any CPU
		{4AA68220-6993-4931-8702-E7B51FCC888E}.Release|x86.Build.0 = Release|Any CPU
		{4AA68220-6993-4931-8702-E7B51FCC888E}.Run locally on Hemsamariten|Any CPU.ActiveCfg = Locally Hemsamariten|Any CPU
		{4AA68220-6993-4931-8702-E7B51FCC888E}.Run locally on Hemsamariten|Any CPU.Build.0 = Locally Hemsamariten|Any CPU
		{4AA68220-6993-4931-8702-E7B51FCC888E}.Run locally on Hemsamariten|x64.ActiveCfg = Locally Hemsamariten|Any CPU
		{4AA68220-6993-4931-8702-E7B51FCC888E}.Run locally on Hemsamariten|x64.Build.0 = Locally Hemsamariten|Any CPU
		{4AA68220-6993-4931-8702-E7B51FCC888E}.Run locally on Hemsamariten|x86.ActiveCfg = Locally Hemsamariten|Any CPU
		{4AA68220-6993-4931-8702-E7B51FCC888E}.Run locally on Hemsamariten|x86.Build.0 = Locally Hemsamariten|Any CPU
		{CEA67569-1214-4543-B26B-E5507795685C}.Debug|Any CPU.ActiveCfg = Debug|Any CPU
		{CEA67569-1214-4543-B26B-E5507795685C}.Debug|Any CPU.Build.0 = Debug|Any CPU
		{CEA67569-1214-4543-B26B-E5507795685C}.Debug|x64.ActiveCfg = Debug|x64
		{CEA67569-1214-4543-B26B-E5507795685C}.Debug|x64.Build.0 = Debug|x64
		{CEA67569-1214-4543-B26B-E5507795685C}.Debug|x86.ActiveCfg = Debug|x86
		{CEA67569-1214-4543-B26B-E5507795685C}.Debug|x86.Build.0 = Debug|x86
		{CEA67569-1214-4543-B26B-E5507795685C}.Deploy to Hemsamariten|Any CPU.ActiveCfg = Deploy|Any CPU
		{CEA67569-1214-4543-B26B-E5507795685C}.Deploy to Hemsamariten|Any CPU.Build.0 = Deploy|Any CPU
		{CEA67569-1214-4543-B26B-E5507795685C}.Deploy to Hemsamariten|x64.ActiveCfg = Deploy|x64
		{CEA67569-1214-4543-B26B-E5507795685C}.Deploy to Hemsamariten|x64.Build.0 = Deploy|x64
		{CEA67569-1214-4543-B26B-E5507795685C}.Deploy to Hemsamariten|x86.ActiveCfg = Deploy|x86
		{CEA67569-1214-4543-B26B-E5507795685C}.Deploy to Hemsamariten|x86.Build.0 = Deploy|x86
		{CEA67569-1214-4543-B26B-E5507795685C}.Deploy|Any CPU.ActiveCfg = Deploy|Any CPU
		{CEA67569-1214-4543-B26B-E5507795685C}.Deploy|Any CPU.Build.0 = Deploy|Any CPU
		{CEA67569-1214-4543-B26B-E5507795685C}.Deploy|x64.ActiveCfg = Deploy|x64
		{CEA67569-1214-4543-B26B-E5507795685C}.Deploy|x64.Build.0 = Deploy|x64
		{CEA67569-1214-4543-B26B-E5507795685C}.Deploy|x86.ActiveCfg = Deploy|x86
		{CEA67569-1214-4543-B26B-E5507795685C}.Deploy|x86.Build.0 = Deploy|x86
		{CEA67569-1214-4543-B26B-E5507795685C}.Locally Hemsamariten|Any CPU.ActiveCfg = Locally Hemsamariten|Any CPU
		{CEA67569-1214-4543-B26B-E5507795685C}.Locally Hemsamariten|Any CPU.Build.0 = Locally Hemsamariten|Any CPU
		{CEA67569-1214-4543-B26B-E5507795685C}.Locally Hemsamariten|x64.ActiveCfg = Locally Hemsamariten|x64
		{CEA67569-1214-4543-B26B-E5507795685C}.Locally Hemsamariten|x64.Build.0 = Locally Hemsamariten|x64
		{CEA67569-1214-4543-B26B-E5507795685C}.Locally Hemsamariten|x86.ActiveCfg = Locally Hemsamariten|x86
		{CEA67569-1214-4543-B26B-E5507795685C}.Locally Hemsamariten|x86.Build.0 = Locally Hemsamariten|x86
		{CEA67569-1214-4543-B26B-E5507795685C}.Release|Any CPU.ActiveCfg = Release|Any CPU
		{CEA67569-1214-4543-B26B-E5507795685C}.Release|Any CPU.Build.0 = Release|Any CPU
		{CEA67569-1214-4543-B26B-E5507795685C}.Release|x64.ActiveCfg = Release|x64
		{CEA67569-1214-4543-B26B-E5507795685C}.Release|x64.Build.0 = Release|x64
		{CEA67569-1214-4543-B26B-E5507795685C}.Release|x86.ActiveCfg = Release|x86
		{CEA67569-1214-4543-B26B-E5507795685C}.Release|x86.Build.0 = Release|x86
		{CEA67569-1214-4543-B26B-E5507795685C}.Run locally on Hemsamariten|Any CPU.ActiveCfg = Locally Hemsamariten|Any CPU
		{CEA67569-1214-4543-B26B-E5507795685C}.Run locally on Hemsamariten|Any CPU.Build.0 = Locally Hemsamariten|Any CPU
		{CEA67569-1214-4543-B26B-E5507795685C}.Run locally on Hemsamariten|x64.ActiveCfg = Locally Hemsamariten|x64
		{CEA67569-1214-4543-B26B-E5507795685C}.Run locally on Hemsamariten|x64.Build.0 = Locally Hemsamariten|x64
		{CEA67569-1214-4543-B26B-E5507795685C}.Run locally on Hemsamariten|x86.ActiveCfg = Locally Hemsamariten|x86
		{CEA67569-1214-4543-B26B-E5507795685C}.Run locally on Hemsamariten|x86.Build.0 = Locally Hemsamariten|x86
		{F786866E-69C3-45DB-A1E4-0F10BF1DEBDC}.Debug|Any CPU.ActiveCfg = Debug|Any CPU
		{F786866E-69C3-45DB-A1E4-0F10BF1DEBDC}.Debug|Any CPU.Build.0 = Debug|Any CPU
		{F786866E-69C3-45DB-A1E4-0F10BF1DEBDC}.Debug|x64.ActiveCfg = Debug|x64
		{F786866E-69C3-45DB-A1E4-0F10BF1DEBDC}.Debug|x64.Build.0 = Debug|x64
		{F786866E-69C3-45DB-A1E4-0F10BF1DEBDC}.Debug|x86.ActiveCfg = Debug|x86
		{F786866E-69C3-45DB-A1E4-0F10BF1DEBDC}.Debug|x86.Build.0 = Debug|x86
		{F786866E-69C3-45DB-A1E4-0F10BF1DEBDC}.Deploy to Hemsamariten|Any CPU.ActiveCfg = Deploy|Any CPU
		{F786866E-69C3-45DB-A1E4-0F10BF1DEBDC}.Deploy to Hemsamariten|Any CPU.Build.0 = Deploy|Any CPU
		{F786866E-69C3-45DB-A1E4-0F10BF1DEBDC}.Deploy to Hemsamariten|x64.ActiveCfg = Deploy|x64
		{F786866E-69C3-45DB-A1E4-0F10BF1DEBDC}.Deploy to Hemsamariten|x64.Build.0 = Deploy|x64
		{F786866E-69C3-45DB-A1E4-0F10BF1DEBDC}.Deploy to Hemsamariten|x86.ActiveCfg = Deploy|x86
		{F786866E-69C3-45DB-A1E4-0F10BF1DEBDC}.Deploy to Hemsamariten|x86.Build.0 = Deploy|x86
		{F786866E-69C3-45DB-A1E4-0F10BF1DEBDC}.Deploy|Any CPU.ActiveCfg = Deploy|Any CPU
		{F786866E-69C3-45DB-A1E4-0F10BF1DEBDC}.Deploy|Any CPU.Build.0 = Deploy|Any CPU
		{F786866E-69C3-45DB-A1E4-0F10BF1DEBDC}.Deploy|x64.ActiveCfg = Deploy|x64
		{F786866E-69C3-45DB-A1E4-0F10BF1DEBDC}.Deploy|x64.Build.0 = Deploy|x64
		{F786866E-69C3-45DB-A1E4-0F10BF1DEBDC}.Deploy|x86.ActiveCfg = Deploy|x86
		{F786866E-69C3-45DB-A1E4-0F10BF1DEBDC}.Deploy|x86.Build.0 = Deploy|x86
		{F786866E-69C3-45DB-A1E4-0F10BF1DEBDC}.Locally Hemsamariten|Any CPU.ActiveCfg = Locally Hemsamariten|Any CPU
		{F786866E-69C3-45DB-A1E4-0F10BF1DEBDC}.Locally Hemsamariten|Any CPU.Build.0 = Locally Hemsamariten|Any CPU
		{F786866E-69C3-45DB-A1E4-0F10BF1DEBDC}.Locally Hemsamariten|x64.ActiveCfg = Locally Hemsamariten|x64
		{F786866E-69C3-45DB-A1E4-0F10BF1DEBDC}.Locally Hemsamariten|x64.Build.0 = Locally Hemsamariten|x64
		{F786866E-69C3-45DB-A1E4-0F10BF1DEBDC}.Locally Hemsamariten|x86.ActiveCfg = Locally Hemsamariten|x86
		{F786866E-69C3-45DB-A1E4-0F10BF1DEBDC}.Locally Hemsamariten|x86.Build.0 = Locally Hemsamariten|x86
		{F786866E-69C3-45DB-A1E4-0F10BF1DEBDC}.Release|Any CPU.ActiveCfg = Release|Any CPU
		{F786866E-69C3-45DB-A1E4-0F10BF1DEBDC}.Release|Any CPU.Build.0 = Release|Any CPU
		{F786866E-69C3-45DB-A1E4-0F10BF1DEBDC}.Release|x64.ActiveCfg = Release|x64
		{F786866E-69C3-45DB-A1E4-0F10BF1DEBDC}.Release|x64.Build.0 = Release|x64
		{F786866E-69C3-45DB-A1E4-0F10BF1DEBDC}.Release|x86.ActiveCfg = Release|x86
		{F786866E-69C3-45DB-A1E4-0F10BF1DEBDC}.Release|x86.Build.0 = Release|x86
		{F786866E-69C3-45DB-A1E4-0F10BF1DEBDC}.Run locally on Hemsamariten|Any CPU.ActiveCfg = Locally Hemsamariten|Any CPU
		{F786866E-69C3-45DB-A1E4-0F10BF1DEBDC}.Run locally on Hemsamariten|Any CPU.Build.0 = Locally Hemsamariten|Any CPU
		{F786866E-69C3-45DB-A1E4-0F10BF1DEBDC}.Run locally on Hemsamariten|x64.ActiveCfg = Locally Hemsamariten|x64
		{F786866E-69C3-45DB-A1E4-0F10BF1DEBDC}.Run locally on Hemsamariten|x64.Build.0 = Locally Hemsamariten|x64
		{F786866E-69C3-45DB-A1E4-0F10BF1DEBDC}.Run locally on Hemsamariten|x86.ActiveCfg = Locally Hemsamariten|x86
		{F786866E-69C3-45DB-A1E4-0F10BF1DEBDC}.Run locally on Hemsamariten|x86.Build.0 = Locally Hemsamariten|x86
		{5848B052-DCBE-422A-A1F5-8D8F10D2A50C}.Debug|Any CPU.ActiveCfg = Debug|Any CPU
		{5848B052-DCBE-422A-A1F5-8D8F10D2A50C}.Debug|Any CPU.Build.0 = Debug|Any CPU
		{5848B052-DCBE-422A-A1F5-8D8F10D2A50C}.Debug|x64.ActiveCfg = Debug|x64
		{5848B052-DCBE-422A-A1F5-8D8F10D2A50C}.Debug|x64.Build.0 = Debug|x64
		{5848B052-DCBE-422A-A1F5-8D8F10D2A50C}.Debug|x86.ActiveCfg = Debug|x86
		{5848B052-DCBE-422A-A1F5-8D8F10D2A50C}.Debug|x86.Build.0 = Debug|x86
		{5848B052-DCBE-422A-A1F5-8D8F10D2A50C}.Deploy to Hemsamariten|Any CPU.ActiveCfg = Deploy|Any CPU
		{5848B052-DCBE-422A-A1F5-8D8F10D2A50C}.Deploy to Hemsamariten|Any CPU.Build.0 = Deploy|Any CPU
		{5848B052-DCBE-422A-A1F5-8D8F10D2A50C}.Deploy to Hemsamariten|x64.ActiveCfg = Deploy|x64
		{5848B052-DCBE-422A-A1F5-8D8F10D2A50C}.Deploy to Hemsamariten|x64.Build.0 = Deploy|x64
		{5848B052-DCBE-422A-A1F5-8D8F10D2A50C}.Deploy to Hemsamariten|x86.ActiveCfg = Deploy|x86
		{5848B052-DCBE-422A-A1F5-8D8F10D2A50C}.Deploy to Hemsamariten|x86.Build.0 = Deploy|x86
		{5848B052-DCBE-422A-A1F5-8D8F10D2A50C}.Deploy|Any CPU.ActiveCfg = Deploy|Any CPU
		{5848B052-DCBE-422A-A1F5-8D8F10D2A50C}.Deploy|Any CPU.Build.0 = Deploy|Any CPU
		{5848B052-DCBE-422A-A1F5-8D8F10D2A50C}.Deploy|x64.ActiveCfg = Deploy|x64
		{5848B052-DCBE-422A-A1F5-8D8F10D2A50C}.Deploy|x64.Build.0 = Deploy|x64
		{5848B052-DCBE-422A-A1F5-8D8F10D2A50C}.Deploy|x86.ActiveCfg = Deploy|x86
		{5848B052-DCBE-422A-A1F5-8D8F10D2A50C}.Deploy|x86.Build.0 = Deploy|x86
		{5848B052-DCBE-422A-A1F5-8D8F10D2A50C}.Locally Hemsamariten|Any CPU.ActiveCfg = Locally Hemsamariten|Any CPU
		{5848B052-DCBE-422A-A1F5-8D8F10D2A50C}.Locally Hemsamariten|Any CPU.Build.0 = Locally Hemsamariten|Any CPU
		{5848B052-DCBE-422A-A1F5-8D8F10D2A50C}.Locally Hemsamariten|x64.ActiveCfg = Locally Hemsamariten|x64
		{5848B052-DCBE-422A-A1F5-8D8F10D2A50C}.Locally Hemsamariten|x64.Build.0 = Locally Hemsamariten|x64
		{5848B052-DCBE-422A-A1F5-8D8F10D2A50C}.Locally Hemsamariten|x86.ActiveCfg = Locally Hemsamariten|x86
		{5848B052-DCBE-422A-A1F5-8D8F10D2A50C}.Locally Hemsamariten|x86.Build.0 = Locally Hemsamariten|x86
		{5848B052-DCBE-422A-A1F5-8D8F10D2A50C}.Release|Any CPU.ActiveCfg = Release|Any CPU
		{5848B052-DCBE-422A-A1F5-8D8F10D2A50C}.Release|Any CPU.Build.0 = Release|Any CPU
		{5848B052-DCBE-422A-A1F5-8D8F10D2A50C}.Release|x64.ActiveCfg = Release|x64
		{5848B052-DCBE-422A-A1F5-8D8F10D2A50C}.Release|x64.Build.0 = Release|x64
		{5848B052-DCBE-422A-A1F5-8D8F10D2A50C}.Release|x86.ActiveCfg = Release|x86
		{5848B052-DCBE-422A-A1F5-8D8F10D2A50C}.Release|x86.Build.0 = Release|x86
		{5848B052-DCBE-422A-A1F5-8D8F10D2A50C}.Run locally on Hemsamariten|Any CPU.ActiveCfg = Locally Hemsamariten|Any CPU
		{5848B052-DCBE-422A-A1F5-8D8F10D2A50C}.Run locally on Hemsamariten|Any CPU.Build.0 = Locally Hemsamariten|Any CPU
		{5848B052-DCBE-422A-A1F5-8D8F10D2A50C}.Run locally on Hemsamariten|x64.ActiveCfg = Locally Hemsamariten|x64
		{5848B052-DCBE-422A-A1F5-8D8F10D2A50C}.Run locally on Hemsamariten|x64.Build.0 = Locally Hemsamariten|x64
		{5848B052-DCBE-422A-A1F5-8D8F10D2A50C}.Run locally on Hemsamariten|x86.ActiveCfg = Locally Hemsamariten|x86
		{5848B052-DCBE-422A-A1F5-8D8F10D2A50C}.Run locally on Hemsamariten|x86.Build.0 = Locally Hemsamariten|x86
		{DAC9E94E-E2C8-417B-A899-9CF177860B1C}.Debug|Any CPU.ActiveCfg = Debug|Any CPU
		{DAC9E94E-E2C8-417B-A899-9CF177860B1C}.Debug|Any CPU.Build.0 = Debug|Any CPU
		{DAC9E94E-E2C8-417B-A899-9CF177860B1C}.Debug|x64.ActiveCfg = Debug|Any CPU
		{DAC9E94E-E2C8-417B-A899-9CF177860B1C}.Debug|x64.Build.0 = Debug|Any CPU
		{DAC9E94E-E2C8-417B-A899-9CF177860B1C}.Debug|x86.ActiveCfg = Debug|Any CPU
		{DAC9E94E-E2C8-417B-A899-9CF177860B1C}.Debug|x86.Build.0 = Debug|Any CPU
		{DAC9E94E-E2C8-417B-A899-9CF177860B1C}.Deploy to Hemsamariten|Any CPU.ActiveCfg = Deploy to Hemsamariten|Any CPU
		{DAC9E94E-E2C8-417B-A899-9CF177860B1C}.Deploy to Hemsamariten|Any CPU.Build.0 = Deploy to Hemsamariten|Any CPU
		{DAC9E94E-E2C8-417B-A899-9CF177860B1C}.Deploy to Hemsamariten|x64.ActiveCfg = Deploy to Hemsamariten|Any CPU
		{DAC9E94E-E2C8-417B-A899-9CF177860B1C}.Deploy to Hemsamariten|x64.Build.0 = Deploy to Hemsamariten|Any CPU
		{DAC9E94E-E2C8-417B-A899-9CF177860B1C}.Deploy to Hemsamariten|x86.ActiveCfg = Deploy to Hemsamariten|Any CPU
		{DAC9E94E-E2C8-417B-A899-9CF177860B1C}.Deploy to Hemsamariten|x86.Build.0 = Deploy to Hemsamariten|Any CPU
		{DAC9E94E-E2C8-417B-A899-9CF177860B1C}.Deploy|Any CPU.ActiveCfg = Deploy to Hemsamariten|Any CPU
		{DAC9E94E-E2C8-417B-A899-9CF177860B1C}.Deploy|Any CPU.Build.0 = Deploy to Hemsamariten|Any CPU
		{DAC9E94E-E2C8-417B-A899-9CF177860B1C}.Deploy|x64.ActiveCfg = Deploy to Hemsamariten|Any CPU
		{DAC9E94E-E2C8-417B-A899-9CF177860B1C}.Deploy|x64.Build.0 = Deploy to Hemsamariten|Any CPU
		{DAC9E94E-E2C8-417B-A899-9CF177860B1C}.Deploy|x86.ActiveCfg = Deploy to Hemsamariten|Any CPU
		{DAC9E94E-E2C8-417B-A899-9CF177860B1C}.Deploy|x86.Build.0 = Deploy to Hemsamariten|Any CPU
		{DAC9E94E-E2C8-417B-A899-9CF177860B1C}.Locally Hemsamariten|Any CPU.ActiveCfg = Run locally on Hemsamariten|Any CPU
		{DAC9E94E-E2C8-417B-A899-9CF177860B1C}.Locally Hemsamariten|Any CPU.Build.0 = Run locally on Hemsamariten|Any CPU
		{DAC9E94E-E2C8-417B-A899-9CF177860B1C}.Locally Hemsamariten|x64.ActiveCfg = Run locally on Hemsamariten|Any CPU
		{DAC9E94E-E2C8-417B-A899-9CF177860B1C}.Locally Hemsamariten|x64.Build.0 = Run locally on Hemsamariten|Any CPU
		{DAC9E94E-E2C8-417B-A899-9CF177860B1C}.Locally Hemsamariten|x86.ActiveCfg = Run locally on Hemsamariten|Any CPU
		{DAC9E94E-E2C8-417B-A899-9CF177860B1C}.Locally Hemsamariten|x86.Build.0 = Run locally on Hemsamariten|Any CPU
		{DAC9E94E-E2C8-417B-A899-9CF177860B1C}.Release|Any CPU.ActiveCfg = Release|Any CPU
		{DAC9E94E-E2C8-417B-A899-9CF177860B1C}.Release|Any CPU.Build.0 = Release|Any CPU
		{DAC9E94E-E2C8-417B-A899-9CF177860B1C}.Release|x64.ActiveCfg = Release|Any CPU
		{DAC9E94E-E2C8-417B-A899-9CF177860B1C}.Release|x64.Build.0 = Release|Any CPU
		{DAC9E94E-E2C8-417B-A899-9CF177860B1C}.Release|x86.ActiveCfg = Release|Any CPU
		{DAC9E94E-E2C8-417B-A899-9CF177860B1C}.Release|x86.Build.0 = Release|Any CPU
		{DAC9E94E-E2C8-417B-A899-9CF177860B1C}.Run locally on Hemsamariten|Any CPU.ActiveCfg = Run locally on Hemsamariten|Any CPU
		{DAC9E94E-E2C8-417B-A899-9CF177860B1C}.Run locally on Hemsamariten|Any CPU.Build.0 = Run locally on Hemsamariten|Any CPU
		{DAC9E94E-E2C8-417B-A899-9CF177860B1C}.Run locally on Hemsamariten|x64.ActiveCfg = Run locally on Hemsamariten|Any CPU
		{DAC9E94E-E2C8-417B-A899-9CF177860B1C}.Run locally on Hemsamariten|x64.Build.0 = Run locally on Hemsamariten|Any CPU
		{DAC9E94E-E2C8-417B-A899-9CF177860B1C}.Run locally on Hemsamariten|x86.ActiveCfg = Run locally on Hemsamariten|Any CPU
		{DAC9E94E-E2C8-417B-A899-9CF177860B1C}.Run locally on Hemsamariten|x86.Build.0 = Run locally on Hemsamariten|Any CPU
		{2C3F2178-D1AF-4D0E-A2E7-B64E69440FB7}.Debug|Any CPU.ActiveCfg = Debug|Any CPU
		{2C3F2178-D1AF-4D0E-A2E7-B64E69440FB7}.Debug|Any CPU.Build.0 = Debug|Any CPU
		{2C3F2178-D1AF-4D0E-A2E7-B64E69440FB7}.Debug|x64.ActiveCfg = Debug|x64
		{2C3F2178-D1AF-4D0E-A2E7-B64E69440FB7}.Debug|x64.Build.0 = Debug|x64
		{2C3F2178-D1AF-4D0E-A2E7-B64E69440FB7}.Debug|x86.ActiveCfg = Debug|x86
		{2C3F2178-D1AF-4D0E-A2E7-B64E69440FB7}.Debug|x86.Build.0 = Debug|x86
		{2C3F2178-D1AF-4D0E-A2E7-B64E69440FB7}.Deploy to Hemsamariten|Any CPU.ActiveCfg = Deploy|Any CPU
		{2C3F2178-D1AF-4D0E-A2E7-B64E69440FB7}.Deploy to Hemsamariten|Any CPU.Build.0 = Deploy|Any CPU
		{2C3F2178-D1AF-4D0E-A2E7-B64E69440FB7}.Deploy to Hemsamariten|x64.ActiveCfg = Deploy|x64
		{2C3F2178-D1AF-4D0E-A2E7-B64E69440FB7}.Deploy to Hemsamariten|x64.Build.0 = Deploy|x64
		{2C3F2178-D1AF-4D0E-A2E7-B64E69440FB7}.Deploy to Hemsamariten|x86.ActiveCfg = Deploy|x86
		{2C3F2178-D1AF-4D0E-A2E7-B64E69440FB7}.Deploy to Hemsamariten|x86.Build.0 = Deploy|x86
		{2C3F2178-D1AF-4D0E-A2E7-B64E69440FB7}.Deploy|Any CPU.ActiveCfg = Deploy|Any CPU
		{2C3F2178-D1AF-4D0E-A2E7-B64E69440FB7}.Deploy|Any CPU.Build.0 = Deploy|Any CPU
		{2C3F2178-D1AF-4D0E-A2E7-B64E69440FB7}.Deploy|x64.ActiveCfg = Deploy|x64
		{2C3F2178-D1AF-4D0E-A2E7-B64E69440FB7}.Deploy|x64.Build.0 = Deploy|x64
		{2C3F2178-D1AF-4D0E-A2E7-B64E69440FB7}.Deploy|x86.ActiveCfg = Deploy|x86
		{2C3F2178-D1AF-4D0E-A2E7-B64E69440FB7}.Deploy|x86.Build.0 = Deploy|x86
		{2C3F2178-D1AF-4D0E-A2E7-B64E69440FB7}.Locally Hemsamariten|Any CPU.ActiveCfg = Locally Hemsamariten|Any CPU
		{2C3F2178-D1AF-4D0E-A2E7-B64E69440FB7}.Locally Hemsamariten|Any CPU.Build.0 = Locally Hemsamariten|Any CPU
		{2C3F2178-D1AF-4D0E-A2E7-B64E69440FB7}.Locally Hemsamariten|x64.ActiveCfg = Locally Hemsamariten|x64
		{2C3F2178-D1AF-4D0E-A2E7-B64E69440FB7}.Locally Hemsamariten|x64.Build.0 = Locally Hemsamariten|x64
		{2C3F2178-D1AF-4D0E-A2E7-B64E69440FB7}.Locally Hemsamariten|x86.ActiveCfg = Locally Hemsamariten|x86
		{2C3F2178-D1AF-4D0E-A2E7-B64E69440FB7}.Locally Hemsamariten|x86.Build.0 = Locally Hemsamariten|x86
		{2C3F2178-D1AF-4D0E-A2E7-B64E69440FB7}.Release|Any CPU.ActiveCfg = Release|Any CPU
		{2C3F2178-D1AF-4D0E-A2E7-B64E69440FB7}.Release|Any CPU.Build.0 = Release|Any CPU
		{2C3F2178-D1AF-4D0E-A2E7-B64E69440FB7}.Release|x64.ActiveCfg = Release|x64
		{2C3F2178-D1AF-4D0E-A2E7-B64E69440FB7}.Release|x64.Build.0 = Release|x64
		{2C3F2178-D1AF-4D0E-A2E7-B64E69440FB7}.Release|x86.ActiveCfg = Release|x86
		{2C3F2178-D1AF-4D0E-A2E7-B64E69440FB7}.Release|x86.Build.0 = Release|x86
		{2C3F2178-D1AF-4D0E-A2E7-B64E69440FB7}.Run locally on Hemsamariten|Any CPU.ActiveCfg = Release|Any CPU
		{2C3F2178-D1AF-4D0E-A2E7-B64E69440FB7}.Run locally on Hemsamariten|Any CPU.Build.0 = Release|Any CPU
		{2C3F2178-D1AF-4D0E-A2E7-B64E69440FB7}.Run locally on Hemsamariten|x64.ActiveCfg = Release|x64
		{2C3F2178-D1AF-4D0E-A2E7-B64E69440FB7}.Run locally on Hemsamariten|x64.Build.0 = Release|x64
		{2C3F2178-D1AF-4D0E-A2E7-B64E69440FB7}.Run locally on Hemsamariten|x86.ActiveCfg = Release|x86
		{2C3F2178-D1AF-4D0E-A2E7-B64E69440FB7}.Run locally on Hemsamariten|x86.Build.0 = Release|x86
		{80E3F2E7-77C9-4E92-8794-21CEE5A51263}.Debug|Any CPU.ActiveCfg = Debug|Any CPU
		{80E3F2E7-77C9-4E92-8794-21CEE5A51263}.Debug|Any CPU.Build.0 = Debug|Any CPU
		{80E3F2E7-77C9-4E92-8794-21CEE5A51263}.Debug|x64.ActiveCfg = Debug|x64
		{80E3F2E7-77C9-4E92-8794-21CEE5A51263}.Debug|x64.Build.0 = Debug|x64
		{80E3F2E7-77C9-4E92-8794-21CEE5A51263}.Debug|x86.ActiveCfg = Debug|x86
		{80E3F2E7-77C9-4E92-8794-21CEE5A51263}.Debug|x86.Build.0 = Debug|x86
		{80E3F2E7-77C9-4E92-8794-21CEE5A51263}.Deploy to Hemsamariten|Any CPU.ActiveCfg = Deploy|Any CPU
		{80E3F2E7-77C9-4E92-8794-21CEE5A51263}.Deploy to Hemsamariten|Any CPU.Build.0 = Deploy|Any CPU
		{80E3F2E7-77C9-4E92-8794-21CEE5A51263}.Deploy to Hemsamariten|x64.ActiveCfg = Deploy|x64
		{80E3F2E7-77C9-4E92-8794-21CEE5A51263}.Deploy to Hemsamariten|x64.Build.0 = Deploy|x64
		{80E3F2E7-77C9-4E92-8794-21CEE5A51263}.Deploy to Hemsamariten|x86.ActiveCfg = Deploy|x86
		{80E3F2E7-77C9-4E92-8794-21CEE5A51263}.Deploy to Hemsamariten|x86.Build.0 = Deploy|x86
		{80E3F2E7-77C9-4E92-8794-21CEE5A51263}.Deploy|Any CPU.ActiveCfg = Deploy|Any CPU
		{80E3F2E7-77C9-4E92-8794-21CEE5A51263}.Deploy|Any CPU.Build.0 = Deploy|Any CPU
		{80E3F2E7-77C9-4E92-8794-21CEE5A51263}.Deploy|x64.ActiveCfg = Deploy|x64
		{80E3F2E7-77C9-4E92-8794-21CEE5A51263}.Deploy|x64.Build.0 = Deploy|x64
		{80E3F2E7-77C9-4E92-8794-21CEE5A51263}.Deploy|x86.ActiveCfg = Deploy|x86
		{80E3F2E7-77C9-4E92-8794-21CEE5A51263}.Deploy|x86.Build.0 = Deploy|x86
		{80E3F2E7-77C9-4E92-8794-21CEE5A51263}.Locally Hemsamariten|Any CPU.ActiveCfg = Locally Hemsamariten|Any CPU
		{80E3F2E7-77C9-4E92-8794-21CEE5A51263}.Locally Hemsamariten|Any CPU.Build.0 = Locally Hemsamariten|Any CPU
		{80E3F2E7-77C9-4E92-8794-21CEE5A51263}.Locally Hemsamariten|x64.ActiveCfg = Locally Hemsamariten|x64
		{80E3F2E7-77C9-4E92-8794-21CEE5A51263}.Locally Hemsamariten|x64.Build.0 = Locally Hemsamariten|x64
		{80E3F2E7-77C9-4E92-8794-21CEE5A51263}.Locally Hemsamariten|x86.ActiveCfg = Locally Hemsamariten|x86
		{80E3F2E7-77C9-4E92-8794-21CEE5A51263}.Locally Hemsamariten|x86.Build.0 = Locally Hemsamariten|x86
		{80E3F2E7-77C9-4E92-8794-21CEE5A51263}.Release|Any CPU.ActiveCfg = Release|Any CPU
		{80E3F2E7-77C9-4E92-8794-21CEE5A51263}.Release|Any CPU.Build.0 = Release|Any CPU
		{80E3F2E7-77C9-4E92-8794-21CEE5A51263}.Release|x64.ActiveCfg = Release|x64
		{80E3F2E7-77C9-4E92-8794-21CEE5A51263}.Release|x64.Build.0 = Release|x64
		{80E3F2E7-77C9-4E92-8794-21CEE5A51263}.Release|x86.ActiveCfg = Release|x86
		{80E3F2E7-77C9-4E92-8794-21CEE5A51263}.Release|x86.Build.0 = Release|x86
		{80E3F2E7-77C9-4E92-8794-21CEE5A51263}.Run locally on Hemsamariten|Any CPU.ActiveCfg = Release|Any CPU
		{80E3F2E7-77C9-4E92-8794-21CEE5A51263}.Run locally on Hemsamariten|Any CPU.Build.0 = Release|Any CPU
		{80E3F2E7-77C9-4E92-8794-21CEE5A51263}.Run locally on Hemsamariten|x64.ActiveCfg = Release|x64
		{80E3F2E7-77C9-4E92-8794-21CEE5A51263}.Run locally on Hemsamariten|x64.Build.0 = Release|x64
		{80E3F2E7-77C9-4E92-8794-21CEE5A51263}.Run locally on Hemsamariten|x86.ActiveCfg = Release|x86
		{80E3F2E7-77C9-4E92-8794-21CEE5A51263}.Run locally on Hemsamariten|x86.Build.0 = Release|x86
		{3E4601DE-D8EA-48A5-AE2D-E471E4BDCA3C}.Debug|Any CPU.ActiveCfg = Debug|Any CPU
		{3E4601DE-D8EA-48A5-AE2D-E471E4BDCA3C}.Debug|Any CPU.Build.0 = Debug|Any CPU
		{3E4601DE-D8EA-48A5-AE2D-E471E4BDCA3C}.Debug|x64.ActiveCfg = Debug|x64
		{3E4601DE-D8EA-48A5-AE2D-E471E4BDCA3C}.Debug|x64.Build.0 = Debug|x64
		{3E4601DE-D8EA-48A5-AE2D-E471E4BDCA3C}.Debug|x86.ActiveCfg = Debug|x86
		{3E4601DE-D8EA-48A5-AE2D-E471E4BDCA3C}.Debug|x86.Build.0 = Debug|x86
		{3E4601DE-D8EA-48A5-AE2D-E471E4BDCA3C}.Deploy to Hemsamariten|Any CPU.ActiveCfg = Deploy|Any CPU
		{3E4601DE-D8EA-48A5-AE2D-E471E4BDCA3C}.Deploy to Hemsamariten|Any CPU.Build.0 = Deploy|Any CPU
		{3E4601DE-D8EA-48A5-AE2D-E471E4BDCA3C}.Deploy to Hemsamariten|x64.ActiveCfg = Deploy|x64
		{3E4601DE-D8EA-48A5-AE2D-E471E4BDCA3C}.Deploy to Hemsamariten|x64.Build.0 = Deploy|x64
		{3E4601DE-D8EA-48A5-AE2D-E471E4BDCA3C}.Deploy to Hemsamariten|x86.ActiveCfg = Deploy|x86
		{3E4601DE-D8EA-48A5-AE2D-E471E4BDCA3C}.Deploy to Hemsamariten|x86.Build.0 = Deploy|x86
		{3E4601DE-D8EA-48A5-AE2D-E471E4BDCA3C}.Deploy|Any CPU.ActiveCfg = Deploy|Any CPU
		{3E4601DE-D8EA-48A5-AE2D-E471E4BDCA3C}.Deploy|Any CPU.Build.0 = Deploy|Any CPU
		{3E4601DE-D8EA-48A5-AE2D-E471E4BDCA3C}.Deploy|x64.ActiveCfg = Deploy|x64
		{3E4601DE-D8EA-48A5-AE2D-E471E4BDCA3C}.Deploy|x64.Build.0 = Deploy|x64
		{3E4601DE-D8EA-48A5-AE2D-E471E4BDCA3C}.Deploy|x86.ActiveCfg = Deploy|x86
		{3E4601DE-D8EA-48A5-AE2D-E471E4BDCA3C}.Deploy|x86.Build.0 = Deploy|x86
		{3E4601DE-D8EA-48A5-AE2D-E471E4BDCA3C}.Locally Hemsamariten|Any CPU.ActiveCfg = Locally Hemsamariten|Any CPU
		{3E4601DE-D8EA-48A5-AE2D-E471E4BDCA3C}.Locally Hemsamariten|Any CPU.Build.0 = Locally Hemsamariten|Any CPU
		{3E4601DE-D8EA-48A5-AE2D-E471E4BDCA3C}.Locally Hemsamariten|x64.ActiveCfg = Locally Hemsamariten|x64
		{3E4601DE-D8EA-48A5-AE2D-E471E4BDCA3C}.Locally Hemsamariten|x64.Build.0 = Locally Hemsamariten|x64
		{3E4601DE-D8EA-48A5-AE2D-E471E4BDCA3C}.Locally Hemsamariten|x86.ActiveCfg = Locally Hemsamariten|x86
		{3E4601DE-D8EA-48A5-AE2D-E471E4BDCA3C}.Locally Hemsamariten|x86.Build.0 = Locally Hemsamariten|x86
		{3E4601DE-D8EA-48A5-AE2D-E471E4BDCA3C}.Release|Any CPU.ActiveCfg = Release|Any CPU
		{3E4601DE-D8EA-48A5-AE2D-E471E4BDCA3C}.Release|Any CPU.Build.0 = Release|Any CPU
		{3E4601DE-D8EA-48A5-AE2D-E471E4BDCA3C}.Release|x64.ActiveCfg = Release|x64
		{3E4601DE-D8EA-48A5-AE2D-E471E4BDCA3C}.Release|x64.Build.0 = Release|x64
		{3E4601DE-D8EA-48A5-AE2D-E471E4BDCA3C}.Release|x86.ActiveCfg = Release|x86
		{3E4601DE-D8EA-48A5-AE2D-E471E4BDCA3C}.Release|x86.Build.0 = Release|x86
		{3E4601DE-D8EA-48A5-AE2D-E471E4BDCA3C}.Run locally on Hemsamariten|Any CPU.ActiveCfg = Release|Any CPU
		{3E4601DE-D8EA-48A5-AE2D-E471E4BDCA3C}.Run locally on Hemsamariten|Any CPU.Build.0 = Release|Any CPU
		{3E4601DE-D8EA-48A5-AE2D-E471E4BDCA3C}.Run locally on Hemsamariten|x64.ActiveCfg = Release|x64
		{3E4601DE-D8EA-48A5-AE2D-E471E4BDCA3C}.Run locally on Hemsamariten|x64.Build.0 = Release|x64
		{3E4601DE-D8EA-48A5-AE2D-E471E4BDCA3C}.Run locally on Hemsamariten|x86.ActiveCfg = Release|x86
		{3E4601DE-D8EA-48A5-AE2D-E471E4BDCA3C}.Run locally on Hemsamariten|x86.Build.0 = Release|x86
		{CF036B7B-DB65-49CE-9CE6-B8139378A21C}.Debug|Any CPU.ActiveCfg = Debug|Any CPU
		{CF036B7B-DB65-49CE-9CE6-B8139378A21C}.Debug|Any CPU.Build.0 = Debug|Any CPU
		{CF036B7B-DB65-49CE-9CE6-B8139378A21C}.Debug|x64.ActiveCfg = Debug|Any CPU
		{CF036B7B-DB65-49CE-9CE6-B8139378A21C}.Debug|x64.Build.0 = Debug|Any CPU
		{CF036B7B-DB65-49CE-9CE6-B8139378A21C}.Debug|x86.ActiveCfg = Debug|Any CPU
		{CF036B7B-DB65-49CE-9CE6-B8139378A21C}.Debug|x86.Build.0 = Debug|Any CPU
		{CF036B7B-DB65-49CE-9CE6-B8139378A21C}.Deploy to Hemsamariten|Any CPU.ActiveCfg = Debug|Any CPU
		{CF036B7B-DB65-49CE-9CE6-B8139378A21C}.Deploy to Hemsamariten|Any CPU.Build.0 = Debug|Any CPU
		{CF036B7B-DB65-49CE-9CE6-B8139378A21C}.Deploy to Hemsamariten|x64.ActiveCfg = Debug|Any CPU
		{CF036B7B-DB65-49CE-9CE6-B8139378A21C}.Deploy to Hemsamariten|x64.Build.0 = Debug|Any CPU
		{CF036B7B-DB65-49CE-9CE6-B8139378A21C}.Deploy to Hemsamariten|x86.ActiveCfg = Debug|Any CPU
		{CF036B7B-DB65-49CE-9CE6-B8139378A21C}.Deploy to Hemsamariten|x86.Build.0 = Debug|Any CPU
		{CF036B7B-DB65-49CE-9CE6-B8139378A21C}.Deploy|Any CPU.ActiveCfg = Debug|Any CPU
		{CF036B7B-DB65-49CE-9CE6-B8139378A21C}.Deploy|Any CPU.Build.0 = Debug|Any CPU
		{CF036B7B-DB65-49CE-9CE6-B8139378A21C}.Deploy|x64.ActiveCfg = Debug|Any CPU
		{CF036B7B-DB65-49CE-9CE6-B8139378A21C}.Deploy|x64.Build.0 = Debug|Any CPU
		{CF036B7B-DB65-49CE-9CE6-B8139378A21C}.Deploy|x86.ActiveCfg = Debug|Any CPU
		{CF036B7B-DB65-49CE-9CE6-B8139378A21C}.Deploy|x86.Build.0 = Debug|Any CPU
		{CF036B7B-DB65-49CE-9CE6-B8139378A21C}.Locally Hemsamariten|Any CPU.ActiveCfg = Release|Any CPU
		{CF036B7B-DB65-49CE-9CE6-B8139378A21C}.Locally Hemsamariten|Any CPU.Build.0 = Release|Any CPU
		{CF036B7B-DB65-49CE-9CE6-B8139378A21C}.Locally Hemsamariten|x64.ActiveCfg = Release|Any CPU
		{CF036B7B-DB65-49CE-9CE6-B8139378A21C}.Locally Hemsamariten|x64.Build.0 = Release|Any CPU
		{CF036B7B-DB65-49CE-9CE6-B8139378A21C}.Locally Hemsamariten|x86.ActiveCfg = Release|Any CPU
		{CF036B7B-DB65-49CE-9CE6-B8139378A21C}.Locally Hemsamariten|x86.Build.0 = Release|Any CPU
		{CF036B7B-DB65-49CE-9CE6-B8139378A21C}.Release|Any CPU.ActiveCfg = Release|Any CPU
		{CF036B7B-DB65-49CE-9CE6-B8139378A21C}.Release|Any CPU.Build.0 = Release|Any CPU
		{CF036B7B-DB65-49CE-9CE6-B8139378A21C}.Release|x64.ActiveCfg = Release|Any CPU
		{CF036B7B-DB65-49CE-9CE6-B8139378A21C}.Release|x64.Build.0 = Release|Any CPU
		{CF036B7B-DB65-49CE-9CE6-B8139378A21C}.Release|x86.ActiveCfg = Release|Any CPU
		{CF036B7B-DB65-49CE-9CE6-B8139378A21C}.Release|x86.Build.0 = Release|Any CPU
		{CF036B7B-DB65-49CE-9CE6-B8139378A21C}.Run locally on Hemsamariten|Any CPU.ActiveCfg = Release|Any CPU
		{CF036B7B-DB65-49CE-9CE6-B8139378A21C}.Run locally on Hemsamariten|Any CPU.Build.0 = Release|Any CPU
		{CF036B7B-DB65-49CE-9CE6-B8139378A21C}.Run locally on Hemsamariten|x64.ActiveCfg = Release|Any CPU
		{CF036B7B-DB65-49CE-9CE6-B8139378A21C}.Run locally on Hemsamariten|x64.Build.0 = Release|Any CPU
		{CF036B7B-DB65-49CE-9CE6-B8139378A21C}.Run locally on Hemsamariten|x86.ActiveCfg = Release|Any CPU
		{CF036B7B-DB65-49CE-9CE6-B8139378A21C}.Run locally on Hemsamariten|x86.Build.0 = Release|Any CPU
	EndGlobalSection
	GlobalSection(SolutionProperties) = preSolution
		HideSolutionNode = FALSE
	EndGlobalSection
	GlobalSection(NestedProjects) = preSolution
		{4AA68220-6993-4931-8702-E7B51FCC888E} = {EBB55FB4-B7BD-4CC9-90AD-7E8F1C9A2AE8}
		{CEA67569-1214-4543-B26B-E5507795685C} = {EBB55FB4-B7BD-4CC9-90AD-7E8F1C9A2AE8}
		{F786866E-69C3-45DB-A1E4-0F10BF1DEBDC} = {EBB55FB4-B7BD-4CC9-90AD-7E8F1C9A2AE8}
		{5848B052-DCBE-422A-A1F5-8D8F10D2A50C} = {EBB55FB4-B7BD-4CC9-90AD-7E8F1C9A2AE8}
		{2C3F2178-D1AF-4D0E-A2E7-B64E69440FB7} = {5E88F7F0-F7A3-49C1-8E1D-25579C654736}
		{80E3F2E7-77C9-4E92-8794-21CEE5A51263} = {5E88F7F0-F7A3-49C1-8E1D-25579C654736}
		{3E4601DE-D8EA-48A5-AE2D-E471E4BDCA3C} = {5E88F7F0-F7A3-49C1-8E1D-25579C654736}
		{CF036B7B-DB65-49CE-9CE6-B8139378A21C} = {5E88F7F0-F7A3-49C1-8E1D-25579C654736}
	EndGlobalSection
	GlobalSection(ExtensibilityGlobals) = postSolution
		SolutionGuid = {35BE4980-9923-4AFC-8803-31FCACC6CCC2}
	EndGlobalSection
EndGlobal
